{
  "originHash" : "8d2435fd7ef89a6cf6ac2a1928a766dea65648375090c126d1755eae9c7c151b",
  "pins" : [
    {
      "identity" : "ios-3ds-sdk-spm",
      "kind" : "remoteSourceControl",
      "location" : "https://github.com/netceteragroup/ios-3ds-sdk-spm.git",
      "state" : {
        "revision" : "c499e46b045ac4e99659ea4918885832b1eebbc6",
        "version" : "2.5.22"
      }
    }
  ],
  "version" : 3
}
