{
  "originHash" : "7b575d5ef2e0e2212ac8d8c98ca14bdf43886df1e9b12cc6a119945ed64b23bf",
  "pins" : [
    {
      "identity" : "ios-3ds-sdk-spm",
      "kind" : "remoteSourceControl",
      "location" : "https://github.com/netceteragroup/ios-3ds-sdk-spm.git",
      "state" : {
        "revision" : "d61dc484e9031d74b4bc439ff46494aeccee58c3",
        "version" : "2.5.22"
      }
    }
  ],
  "version" : 3
}
